{
  "version": "5",
  "specifiers": {
    "jsr:@supabase/supabase-js@2": "2.58.0"
  },
  "jsr": {
    "@supabase/supabase-js@2.58.0": {
      "integrity": "4d04e72e9f632b451ac7d1a84de0b85249c0097fdf06253f371c1f0a23e62c87"
    }
  },
  "workspace": {
    "packageJson": {
      "dependencies": [
        "npm:@ai-sdk/openai@^2.0.32",
        "npm:@biomejs/biome@2.2.0",
        "npm:@mux/mux-node@^12.7.0",
        "npm:@mux/mux-player-react@^3.6.0",
        "npm:@mux/supabase@^0.0.21",
        "npm:@supabase/supabase-js@^2.57.4",
        "npm:@tailwindcss/postcss@4",
        "npm:@types/node@20",
        "npm:@types/react-dom@19",
        "npm:@types/react@19",
        "npm:ai@^5.0.45",
        "npm:animejs@^4.1.3",
        "npm:dotenv@^17.2.2",
        "npm:lucide-react@0.542",
        "npm:next@15.5.2",
        "npm:react-dom@19.1.0",
        "npm:react@19.1.0",
        "npm:supabase@^2.45.5",
        "npm:tailwindcss@4",
        "npm:tsx@^4.20.5",
        "npm:typescript@5",
        "npm:zod@^4.1.9"
      ]
    }
  }
}
